// !$*UTF8*$!
{
	archiveVersion = 1;
	classes = {
	};
	objectVersion = 77;
	objects = {

/* Begin PBXContainerItemProxy section */
		D81C084A2F06486000E08999 /* PBXContainerItemProxy */ = {
			isa = PBXContainerItemProxy;
			containerPortal = D81C08342F06485D00E08999 /* Project object */;
			proxyType = 1;
			remoteGlobalIDString = D81C083B2F06485D00E08999;
			remoteInfo = ShakeStat;
		};
		D81C08542F06486000E08999 /* PBXContainerItemProxy */ = {
			isa = PBXContainerItemProxy;
			containerPortal = D81C08342F06485D00E08999 /* Project object */;
			proxyType = 1;
			remoteGlobalIDString = D81C083B2F06485D00E08999;
			remoteInfo = ShakeStat;
		};
		D81C08702F0649A300E08999 /* PBXContainerItemProxy */ = {
			isa = PBXContainerItemProxy;
			containerPortal = D81C08342F06485D00E08999 /* Project object */;
			proxyType = 1;
			remoteGlobalIDString = D81C083B2F06485D00E08999;
			remoteInfo = ShakeStat;
		};
/* End PBXContainerItemProxy section */

/* Begin PBXFileReference section */
		D81C083C2F06485D00E08999 /* ShakeStat.app */ = {isa = PBXFileReference; explicitFileType = wrapper.application; includeInIndex = 0; path = ShakeStat.app; sourceTree = BUILT_PRODUCTS_DIR; };
		D81C08492F06486000E08999 /* ShakeStatTests.xctest */ = {isa = PBXFileReference; explicitFileType = wrapper.cfbundle; includeInIndex = 0; path = ShakeStatTests.xctest; sourceTree = BUILT_PRODUCTS_DIR; };
		D81C08532F06486000E08999 /* ShakeStatUITests.xctest */ = {isa = PBXFileReference; explicitFileType = wrapper.cfbundle; includeInIndex = 0; path = ShakeStatUITests.xctest; sourceTree = BUILT_PRODUCTS_DIR; };
		D81C086C2F0649A300E08999 /* ShakeStatXCTests.xctest */ = {isa = PBXFileReference; explicitFileType = wrapper.cfbundle; includeInIndex = 0; path = ShakeStatXCTests.xctest; sourceTree = BUILT_PRODUCTS_DIR; };
/* End PBXFileReference section */

/* Begin PBXFileSystemSynchronizedRootGroup section */
		D81C083E2F06485D00E08999 /* ShakeStat */ = {
			isa = PBXFileSystemSynchronizedRootGroup;
			path = ShakeStat;
			sourceTree = "<group>";
		};
		D81C084C2F06486000E08999 /* ShakeStatTests */ = {
			isa = PBXFileSystemSynchronizedRootGroup;
			path = ShakeStatTests;
			sourceTree = "<group>";
		};
		D81C08562F06486000E08999 /* ShakeStatUITests */ = {
			isa = PBXFileSystemSynchronizedRootGroup;
			path = ShakeStatUITests;
			sourceTree = "<group>";
		};
		D81C086D2F0649A300E08999 /* ShakeStatXCTests */ = {
			isa = PBXFileSystemSynchronizedRootGroup;
			path = ShakeStatXCTests;
			sourceTree = "<group>";
		};
/* End PBXFileSystemSynchronizedRootGroup section */

/* Begin PBXFrameworksBuildPhase section */
		D81C08392F06485D00E08999 /* Frameworks */ = {
			isa = PBXFrameworksBuildPhase;
			buildActionMask = 2147483647;
			files = (
			);
			runOnlyForDeploymentPostprocessing = 0;
		};
		D81C08462F06486000E08999 /* Frameworks */ = {
			isa = PBXFrameworksBuildPhase;
			buildActionMask = 2147483647;
			files = (
			);
			runOnlyForDeploymentPostprocessing = 0;
		};
		D81C08502F06486000E08999 /* Frameworks */ = {
			isa = PBXFrameworksBuildPhase;
			buildActionMask = 2147483647;
			files = (
			);
			runOnlyForDeploymentPostprocessing = 0;
		};
		D81C08692F0649A300E08999 /* Frameworks */ = {
			isa = PBXFrameworksBuildPhase;
			buildActionMask = 2147483647;
			files = (
			);
			runOnlyForDeploymentPostprocessing = 0;
		};
/* End PBXFrameworksBuildPhase section */

/* Begin PBXGroup section */
		D81C08332F06485D00E08999 = {
			isa = PBXGroup;
			children = (
				D81C083E2F06485D00E08999 /* ShakeStat */,
				D81C084C2F06486000E08999 /* ShakeStatTests */,
				D81C08562F06486000E08999 /* ShakeStatUITests */,
				D81C086D2F0649A300E08999 /* ShakeStatXCTests */,
				D81C083D2F06485D00E08999 /* Products */,
			);
			sourceTree = "<group>";
		};
		D81C083D2F06485D00E08999 /* Products */ = {
			isa = PBXGroup;
			children = (
				D81C083C2F06485D00E08999 /* ShakeStat.app */,
				D81C08492F06486000E08999 /* ShakeStatTests.xctest */,
				D81C08532F06486000E08999 /* ShakeStatUITests.xctest */,
				D81C086C2F0649A300E08999 /* ShakeStatXCTests.xctest */,
			);
			name = Products;
			sourceTree = "<group>";
		};
/* End PBXGroup section */

/* Begin PBXNativeTarget section */
		D81C083B2F06485D00E08999 /* ShakeStat */ = {
			isa = PBXNativeTarget;
			buildConfigurationList = D81C085D2F06486000E08999 /* Build configuration list for PBXNativeTarget "ShakeStat" */;
			buildPhases = (
				D81C08382F06485D00E08999 /* Sources */,
				D81C08392F06485D00E08999 /* Frameworks */,
				D81C083A2F06485D00E08999 /* Resources */,
			);
			buildRules = (
			);
			dependencies = (
			);
			fileSystemSynchronizedGroups = (
				D81C083E2F06485D00E08999 /* ShakeStat */,
			);
			name = ShakeStat;
			packageProductDependencies = (
			);
			productName = ShakeStat;
			productReference = D81C083C2F06485D00E08999 /* ShakeStat.app */;
			productType = "com.apple.product-type.application";
		};
		D81C08482F06486000E08999 /* ShakeStatTests */ = {
			isa = PBXNativeTarget;
			buildConfigurationList = D81C08602F06486000E08999 /* Build configuration list for PBXNativeTarget "ShakeStatTests" */;
			buildPhases = (
				D81C08452F06486000E08999 /* Sources */,
				D81C08462F06486000E08999 /* Frameworks */,
				D81C08472F06486000E08999 /* Resources */,
			);
			buildRules = (
			);
			dependencies = (
				D81C084B2F06486000E08999 /* PBXTargetDependency */,
			);
			fileSystemSynchronizedGroups = (
				D81C084C2F06486000E08999 /* ShakeStatTests */,
			);
			name = ShakeStatTests;
			packageProductDependencies = (
			);
			productName = ShakeStatTests;
			productReference = D81C08492F06486000E08999 /* ShakeStatTests.xctest */;
			productType = "com.apple.product-type.bundle.unit-test";
		};
		D81C08522F06486000E08999 /* ShakeStatUITests */ = {
			isa = PBXNativeTarget;
			buildConfigurationList = D81C08632F06486000E08999 /* Build configuration list for PBXNativeTarget "ShakeStatUITests" */;
			buildPhases = (
				D81C084F2F06486000E08999 /* Sources */,
				D81C08502F06486000E08999 /* Frameworks */,
				D81C08512F06486000E08999 /* Resources */,
			);
			buildRules = (
			);
			dependencies = (
				D81C08552F06486000E08999 /* PBXTargetDependency */,
			);
			fileSystemSynchronizedGroups = (
				D81C08562F06486000E08999 /* ShakeStatUITests */,
			);
			name = ShakeStatUITests;
			packageProductDependencies = (
			);
			productName = ShakeStatUITests;
			productReference = D81C08532F06486000E08999 /* ShakeStatUITests.xctest */;
			productType = "com.apple.product-type.bundle.ui-testing";
		};
		D81C086B2F0649A300E08999 /* ShakeStatXCTests */ = {
			isa = PBXNativeTarget;
			buildConfigurationList = D81C08722F0649A400E08999 /* Build configuration list for PBXNativeTarget "ShakeStatXCTests" */;
			buildPhases = (
				D81C08682F0649A300E08999 /* Sources */,
				D81C08692F0649A300E08999 /* Frameworks */,
				D81C086A2F0649A300E08999 /* Resources */,
			);
			buildRules = (
			);
			dependencies = (
				D81C08712F0649A300E08999 /* PBXTargetDependency */,
			);
			fileSystemSynchronizedGroups = (
				D81C086D2F0649A300E08999 /* ShakeStatXCTests */,
			);
			name = ShakeStatXCTests;
			packageProductDependencies = (
			);
			productName = ShakeStatXCTests;
			productReference = D81C086C2F0649A300E08999 /* ShakeStatXCTests.xctest */;
			productType = "com.apple.product-type.bundle.unit-test";
		};
/* End PBXNativeTarget section */

/* Begin PBXProject section */
		D81C08342F06485D00E08999 /* Project object */ = {
			isa = PBXProject;
			attributes = {
				BuildIndependentTargetsInParallel = 1;
				LastSwiftUpdateCheck = 2620;
				LastUpgradeCheck = 2620;
				TargetAttributes = {
					D81C083B2F06485D00E08999 = {
						CreatedOnToolsVersion = 26.2;
					};
					D81C08482F06486000E08999 = {
						CreatedOnToolsVersion = 26.2;
						TestTargetID = D81C083B2F06485D00E08999;
					};
					D81C08522F06486000E08999 = {
						CreatedOnToolsVersion = 26.2;
						TestTargetID = D81C083B2F06485D00E08999;
					};
					D81C086B2F0649A300E08999 = {
						CreatedOnToolsVersion = 26.2;
						TestTargetID = D81C083B2F06485D00E08999;
					};
				};
			};
			buildConfigurationList = D81C08372F06485D00E08999 /* Build configuration list for PBXProject "ShakeStat" */;
			developmentRegion = en;
			hasScannedForEncodings = 0;
			knownRegions = (
				en,
				Base,
			);
			mainGroup = D81C08332F06485D00E08999;
			minimizedProjectReferenceProxies = 1;
			preferredProjectObjectVersion = 77;
			productRefGroup = D81C083D2F06485D00E08999 /* Products */;
			projectDirPath = "";
			projectRoot = "";
			targets = (
				D81C083B2F06485D00E08999 /* ShakeStat */,
				D81C08482F06486000E08999 /* ShakeStatTests */,
				D81C08522F06486000E08999 /* ShakeStatUITests */,
				D81C086B2F0649A300E08999 /* ShakeStatXCTests */,
			);
		};
/* End PBXProject section */

/* Begin PBXResourcesBuildPhase section */
		D81C083A2F06485D00E08999 /* Resources */ = {
			isa = PBXResourcesBuildPhase;
			buildActionMask = 2147483647;
			files = (
			);
			runOnlyForDeploymentPostprocessing = 0;
		};
		D81C08472F06486000E08999 /* Resources */ = {
			isa = PBXResourcesBuildPhase;
			buildActionMask = 2147483647;
			files = (
			);
			runOnlyForDeploymentPostprocessing = 0;
		};
		D81C08512F06486000E08999 /* Resources */ = {
			isa = PBXResourcesBuildPhase;
			buildActionMask = 2147483647;
			files = (
			);
			runOnlyForDeploymentPostprocessing = 0;
		};
		D81C086A2F0649A300E08999 /* Resources */ = {
			isa = PBXResourcesBuildPhase;
			buildActionMask = 2147483647;
			files = (
			);
			runOnlyForDeploymentPostprocessing = 0;
		};
/* End PBXResourcesBuildPhase section */

/* Begin PBXSourcesBuildPhase section */
		D81C08382F06485D00E08999 /* Sources */ = {
			isa = PBXSourcesBuildPhase;
			buildActionMask = 2147483647;
			files = (
			);
			runOnlyForDeploymentPostprocessing = 0;
		};
		D81C08452F06486000E08999 /* Sources */ = {
			isa = PBXSourcesBuildPhase;
			buildActionMask = 2147483647;
			files = (
			);
			runOnlyForDeploymentPostprocessing = 0;
		};
		D81C084F2F06486000E08999 /* Sources */ = {
			isa = PBXSourcesBuildPhase;
			buildActionMask = 2147483647;
			files = (
			);
			runOnlyForDeploymentPostprocessing = 0;
		};
		D81C08682F0649A300E08999 /* Sources */ = {
			isa = PBXSourcesBuildPhase;
			buildActionMask = 2147483647;
			files = (
			);
			runOnlyForDeploymentPostprocessing = 0;
		};
/* End PBXSourcesBuildPhase section */

/* Begin PBXTargetDependency section */
		D81C084B2F06486000E08999 /* PBXTargetDependency */ = {
			isa = PBXTargetDependency;
			target = D81C083B2F06485D00E08999 /* ShakeStat */;
			targetProxy = D81C084A2F06486000E08999 /* PBXContainerItemProxy */;
		};
		D81C08552F06486000E08999 /* PBXTargetDependency */ = {
			isa = PBXTargetDependency;
			target = D81C083B2F06485D00E08999 /* ShakeStat */;
			targetProxy = D81C08542F06486000E08999 /* PBXContainerItemProxy */;
		};
		D81C08712F0649A300E08999 /* PBXTargetDependency */ = {
			isa = PBXTargetDependency;
			target = D81C083B2F06485D00E08999 /* ShakeStat */;
			targetProxy = D81C08702F0649A300E08999 /* PBXContainerItemProxy */;
		};
/* End PBXTargetDependency section */

/* Begin XCBuildConfiguration section */
		D81C085B2F06486000E08999 /* Debug */ = {
			isa = XCBuildConfiguration;
			buildSettings = {
				ALWAYS_SEARCH_USER_PATHS = NO;
				ASSETCATALOG_COMPILER_GENERATE_SWIFT_ASSET_SYMBOL_EXTENSIONS = YES;
				CLANG_ANALYZER_NONNULL = YES;
				CLANG_ANALYZER_NUMBER_OBJECT_CONVERSION = YES_AGGRESSIVE;
				CLANG_CXX_LANGUAGE_STANDARD = "gnu++20";
				CLANG_ENABLE_MODULES = YES;
				CLANG_ENABLE_OBJC_ARC = YES;
				CLANG_ENABLE_OBJC_WEAK = YES;
				CLANG_WARN_BLOCK_CAPTURE_AUTORELEASING = YES;
				CLANG_WARN_BOOL_CONVERSION = YES;
				CLANG_WARN_COMMA = YES;
				CLANG_WARN_CONSTANT_CONVERSION = YES;
				CLANG_WARN_DEPRECATED_OBJC_IMPLEMENTATIONS = YES;
				CLANG_WARN_DIRECT_OBJC_ISA_USAGE = YES_ERROR;
				CLANG_WARN_DOCUMENTATION_COMMENTS = YES;
				CLANG_WARN_EMPTY_BODY = YES;
				CLANG_WARN_ENUM_CONVERSION = YES;
				CLANG_WARN_INFINITE_RECURSION = YES;
				CLANG_WARN_INT_CONVERSION = YES;
				CLANG_WARN_NON_LITERAL_NULL_CONVERSION = YES;
				CLANG_WARN_OBJC_IMPLICIT_RETAIN_SELF = YES;
				CLANG_WARN_OBJC_LITERAL_CONVERSION = YES;
				CLANG_WARN_OBJC_ROOT_CLASS = YES_ERROR;
				CLANG_WARN_QUOTED_INCLUDE_IN_FRAMEWORK_HEADER = YES;
				CLANG_WARN_RANGE_LOOP_ANALYSIS = YES;
				CLANG_WARN_STRICT_PROTOTYPES = YES;
				CLANG_WARN_SUSPICIOUS_MOVE = YES;
				CLANG_WARN_UNGUARDED_AVAILABILITY = YES_AGGRESSIVE;
				CLANG_WARN_UNREACHABLE_CODE = YES;
				CLANG_WARN__DUPLICATE_METHOD_MATCH = YES;
				COPY_PHASE_STRIP = NO;
				DEBUG_INFORMATION_FORMAT = dwarf;
				ENABLE_STRICT_OBJC_MSGSEND = YES;
				ENABLE_TESTABILITY = YES;
				ENABLE_USER_SCRIPT_SANDBOXING = YES;
				GCC_C_LANGUAGE_STANDARD = gnu17;
				GCC_DYNAMIC_NO_PIC = NO;
				GCC_NO_COMMON_BLOCKS = YES;
				GCC_OPTIMIZATION_LEVEL = 0;
				GCC_PREPROCESSOR_DEFINITIONS = (
					"DEBUG=1",
					"$(inherited)",
				);
				GCC_WARN_64_TO_32_BIT_CONVERSION = YES;
				GCC_WARN_ABOUT_RETURN_TYPE = YES_ERROR;
				GCC_WARN_UNDECLARED_SELECTOR = YES;
				GCC_WARN_UNINITIALIZED_AUTOS = YES_AGGRESSIVE;
				GCC_WARN_UNUSED_FUNCTION = YES;
				GCC_WARN_UNUSED_VARIABLE = YES;
				IPHONEOS_DEPLOYMENT_TARGET = 26.2;
				LOCALIZATION_PREFERS_STRING_CATALOGS = YES;
				MTL_ENABLE_DEBUG_INFO = INCLUDE_SOURCE;
				MTL_FAST_MATH = YES;
				ONLY_ACTIVE_ARCH = YES;
				SDKROOT = iphoneos;
				SWIFT_ACTIVE_COMPILATION_CONDITIONS = "DEBUG $(inherited)";
				SWIFT_OPTIMIZATION_LEVEL = "-Onone";
			};
			name = Debug;
		};
		D81C085C2F06486000E08999 /* Release */ = {
			isa = XCBuildConfiguration;
			buildSettings = {
				ALWAYS_SEARCH_USER_PATHS = NO;
				ASSETCATALOG_COMPILER_GENERATE_SWIFT_ASSET_SYMBOL_EXTENSIONS = YES;
				CLANG_ANALYZER_NONNULL = YES;
				CLANG_ANALYZER_NUMBER_OBJECT_CONVERSION = YES_AGGRESSIVE;
				CLANG_CXX_LANGUAGE_STANDARD = "gnu++20";
				CLANG_ENABLE_MODULES = YES;
				CLANG_ENABLE_OBJC_ARC = YES;
				CLANG_ENABLE_OBJC_WEAK = YES;
				CLANG_WARN_BLOCK_CAPTURE_AUTORELEASING = YES;
				CLANG_WARN_BOOL_CONVERSION = YES;
				CLANG_WARN_COMMA = YES;
				CLANG_WARN_CONSTANT_CONVERSION = YES;
				CLANG_WARN_DEPRECATED_OBJC_IMPLEMENTATIONS = YES;
				CLANG_WARN_DIRECT_OBJC_ISA_USAGE = YES_ERROR;
				CLANG_WARN_DOCUMENTATION_COMMENTS = YES;
				CLANG_WARN_EMPTY_BODY = YES;
				CLANG_WARN_ENUM_CONVERSION = YES;
				CLANG_WARN_INFINITE_RECURSION = YES;
				CLANG_WARN_INT_CONVERSION = YES;
				CLANG_WARN_NON_LITERAL_NULL_CONVERSION = YES;
				CLANG_WARN_OBJC_IMPLICIT_RETAIN_SELF = YES;
				CLANG_WARN_OBJC_LITERAL_CONVERSION = YES;
				CLANG_WARN_OBJC_ROOT_CLASS = YES_ERROR;
				CLANG_WARN_QUOTED_INCLUDE_IN_FRAMEWORK_HEADER = YES;
				CLANG_WARN_RANGE_LOOP_ANALYSIS = YES;
				CLANG_WARN_STRICT_PROTOTYPES = YES;
				CLANG_WARN_SUSPICIOUS_MOVE = YES;
				CLANG_WARN_UNGUARDED_AVAILABILITY = YES_AGGRESSIVE;
				CLANG_WARN_UNREACHABLE_CODE = YES;
				CLANG_WARN__DUPLICATE_METHOD_MATCH = YES;
				COPY_PHASE_STRIP = NO;
				DEBUG_INFORMATION_FORMAT = "dwarf-with-dsym";
				ENABLE_NS_ASSERTIONS = NO;
				ENABLE_STRICT_OBJC_MSGSEND = YES;
				ENABLE_USER_SCRIPT_SANDBOXING = YES;
				GCC_C_LANGUAGE_STANDARD = gnu17;
				GCC_NO_COMMON_BLOCKS = YES;
				GCC_WARN_64_TO_32_BIT_CONVERSION = YES;
				GCC_WARN_ABOUT_RETURN_TYPE = YES_ERROR;
				GCC_WARN_UNDECLARED_SELECTOR = YES;
				GCC_WARN_UNINITIALIZED_AUTOS = YES_AGGRESSIVE;
				GCC_WARN_UNUSED_FUNCTION = YES;
				GCC_WARN_UNUSED_VARIABLE = YES;
				IPHONEOS_DEPLOYMENT_TARGET = 26.2;
				LOCALIZATION_PREFERS_STRING_CATALOGS = YES;
				MTL_ENABLE_DEBUG_INFO = NO;
				MTL_FAST_MATH = YES;
				SDKROOT = iphoneos;
				SWIFT_COMPILATION_MODE = wholemodule;
				VALIDATE_PRODUCT = YES;
			};
			name = Release;
		};
		D81C085E2F06486000E08999 /* Debug */ = {
			isa = XCBuildConfiguration;
			buildSettings = {
				ASSETCATALOG_COMPILER_APPICON_NAME = AppIcon;
				ASSETCATALOG_COMPILER_GLOBAL_ACCENT_COLOR_NAME = AccentColor;
				CODE_SIGN_STYLE = Automatic;
				CURRENT_PROJECT_VERSION = 1;
				ENABLE_PREVIEWS = YES;
				GENERATE_INFOPLIST_FILE = YES;
				INFOPLIST_KEY_UIApplicationSceneManifest_Generation = YES;
				INFOPLIST_KEY_UIApplicationSupportsIndirectInputEvents = YES;
				INFOPLIST_KEY_UILaunchScreen_Generation = YES;
				INFOPLIST_KEY_UISupportedInterfaceOrientations_iPad = "UIInterfaceOrientationPortrait UIInterfaceOrientationPortraitUpsideDown UIInterfaceOrientationLandscapeLeft UIInterfaceOrientationLandscapeRight";
				INFOPLIST_KEY_UISupportedInterfaceOrientations_iPhone = "UIInterfaceOrientationPortrait UIInterfaceOrientationLandscapeLeft UIInterfaceOrientationLandscapeRight";
				LD_RUNPATH_SEARCH_PATHS = (
					"$(inherited)",
					"@executable_path/Frameworks",
				);
				MARKETING_VERSION = 1.0;
				PRODUCT_BUNDLE_IDENTIFIER = name.seven.ShakeStat;
				PRODUCT_NAME = "$(TARGET_NAME)";
				STRING_CATALOG_GENERATE_SYMBOLS = YES;
				SWIFT_APPROACHABLE_CONCURRENCY = YES;
				SWIFT_DEFAULT_ACTOR_ISOLATION = MainActor;
				SWIFT_EMIT_LOC_STRINGS = YES;
				SWIFT_UPCOMING_FEATURE_MEMBER_IMPORT_VISIBILITY = YES;
				SWIFT_VERSION = 5.0;
				TARGETED_DEVICE_FAMILY = "1,2";
			};
			name = Debug;
		};
		D81C085F2F06486000E08999 /* Release */ = {
			isa = XCBuildConfiguration;
			buildSettings = {
				ASSETCATALOG_COMPILER_APPICON_NAME = AppIcon;
				ASSETCATALOG_COMPILER_GLOBAL_ACCENT_COLOR_NAME = AccentColor;
				CODE_SIGN_STYLE = Automatic;
				CURRENT_PROJECT_VERSION = 1;
				ENABLE_PREVIEWS = YES;
				GENERATE_INFOPLIST_FILE = YES;
				INFOPLIST_KEY_UIApplicationSceneManifest_Generation = YES;
				INFOPLIST_KEY_UIApplicationSupportsIndirectInputEvents = YES;
				INFOPLIST_KEY_UILaunchScreen_Generation = YES;
				INFOPLIST_KEY_UISupportedInterfaceOrientations_iPad = "UIInterfaceOrientationPortrait UIInterfaceOrientationPortraitUpsideDown UIInterfaceOrientationLandscapeLeft UIInterfaceOrientationLandscapeRight";
				INFOPLIST_KEY_UISupportedInterfaceOrientations_iPhone = "UIInterfaceOrientationPortrait UIInterfaceOrientationLandscapeLeft UIInterfaceOrientationLandscapeRight";
				LD_RUNPATH_SEARCH_PATHS = (
					"$(inherited)",
					"@executable_path/Frameworks",
				);
				MARKETING_VERSION = 1.0;
				PRODUCT_BUNDLE_IDENTIFIER = name.seven.ShakeStat;
				PRODUCT_NAME = "$(TARGET_NAME)";
				STRING_CATALOG_GENERATE_SYMBOLS = YES;
				SWIFT_APPROACHABLE_CONCURRENCY = YES;
				SWIFT_DEFAULT_ACTOR_ISOLATION = MainActor;
				SWIFT_EMIT_LOC_STRINGS = YES;
				SWIFT_UPCOMING_FEATURE_MEMBER_IMPORT_VISIBILITY = YES;
				SWIFT_VERSION = 5.0;
				TARGETED_DEVICE_FAMILY = "1,2";
			};
			name = Release;
		};
		D81C08612F06486000E08999 /* Debug */ = {
			isa = XCBuildConfiguration;
			buildSettings = {
				BUNDLE_LOADER = "$(TEST_HOST)";
				CODE_SIGN_STYLE = Automatic;
				CURRENT_PROJECT_VERSION = 1;
				GENERATE_INFOPLIST_FILE = YES;
				IPHONEOS_DEPLOYMENT_TARGET = 26.2;
				MARKETING_VERSION = 1.0;
				PRODUCT_BUNDLE_IDENTIFIER = name.seven.ShakeStatTests;
				PRODUCT_NAME = "$(TARGET_NAME)";
				STRING_CATALOG_GENERATE_SYMBOLS = NO;
				SWIFT_APPROACHABLE_CONCURRENCY = YES;
				SWIFT_EMIT_LOC_STRINGS = NO;
				SWIFT_UPCOMING_FEATURE_MEMBER_IMPORT_VISIBILITY = YES;
				SWIFT_VERSION = 5.0;
				TARGETED_DEVICE_FAMILY = "1,2";
				TEST_HOST = "$(BUILT_PRODUCTS_DIR)/ShakeStat.app/$(BUNDLE_EXECUTABLE_FOLDER_PATH)/ShakeStat";
			};
			name = Debug;
		};
		D81C08622F06486000E08999 /* Release */ = {
			isa = XCBuildConfiguration;
			buildSettings = {
				BUNDLE_LOADER = "$(TEST_HOST)";
				CODE_SIGN_STYLE = Automatic;
				CURRENT_PROJECT_VERSION = 1;
				GENERATE_INFOPLIST_FILE = YES;
				IPHONEOS_DEPLOYMENT_TARGET = 26.2;
				MARKETING_VERSION = 1.0;
				PRODUCT_BUNDLE_IDENTIFIER = name.seven.ShakeStatTests;
				PRODUCT_NAME = "$(TARGET_NAME)";
				STRING_CATALOG_GENERATE_SYMBOLS = NO;
				SWIFT_APPROACHABLE_CONCURRENCY = YES;
				SWIFT_EMIT_LOC_STRINGS = NO;
				SWIFT_UPCOMING_FEATURE_MEMBER_IMPORT_VISIBILITY = YES;
				SWIFT_VERSION = 5.0;
				TARGETED_DEVICE_FAMILY = "1,2";
				TEST_HOST = "$(BUILT_PRODUCTS_DIR)/ShakeStat.app/$(BUNDLE_EXECUTABLE_FOLDER_PATH)/ShakeStat";
			};
			name = Release;
		};
		D81C08642F06486000E08999 /* Debug */ = {
			isa = XCBuildConfiguration;
			buildSettings = {
				CODE_SIGN_STYLE = Automatic;
				CURRENT_PROJECT_VERSION = 1;
				GENERATE_INFOPLIST_FILE = YES;
				MARKETING_VERSION = 1.0;
				PRODUCT_BUNDLE_IDENTIFIER = name.seven.ShakeStatUITests;
				PRODUCT_NAME = "$(TARGET_NAME)";
				STRING_CATALOG_GENERATE_SYMBOLS = NO;
				SWIFT_APPROACHABLE_CONCURRENCY = YES;
				SWIFT_EMIT_LOC_STRINGS = NO;
				SWIFT_UPCOMING_FEATURE_MEMBER_IMPORT_VISIBILITY = YES;
				SWIFT_VERSION = 5.0;
				TARGETED_DEVICE_FAMILY = "1,2";
				TEST_TARGET_NAME = ShakeStat;
			};
			name = Debug;
		};
		D81C08652F06486000E08999 /* Release */ = {
			isa = XCBuildConfiguration;
			buildSettings = {
				CODE_SIGN_STYLE = Automatic;
				CURRENT_PROJECT_VERSION = 1;
				GENERATE_INFOPLIST_FILE = YES;
				MARKETING_VERSION = 1.0;
				PRODUCT_BUNDLE_IDENTIFIER = name.seven.ShakeStatUITests;
				PRODUCT_NAME = "$(TARGET_NAME)";
				STRING_CATALOG_GENERATE_SYMBOLS = NO;
				SWIFT_APPROACHABLE_CONCURRENCY = YES;
				SWIFT_EMIT_LOC_STRINGS = NO;
				SWIFT_UPCOMING_FEATURE_MEMBER_IMPORT_VISIBILITY = YES;
				SWIFT_VERSION = 5.0;
				TARGETED_DEVICE_FAMILY = "1,2";
				TEST_TARGET_NAME = ShakeStat;
			};
			name = Release;
		};
		D81C08732F0649A400E08999 /* Debug */ = {
			isa = XCBuildConfiguration;
			buildSettings = {
				BUNDLE_LOADER = "$(TEST_HOST)";
				CODE_SIGN_STYLE = Automatic;
				CURRENT_PROJECT_VERSION = 1;
				GENERATE_INFOPLIST_FILE = YES;
				MARKETING_VERSION = 1.0;
				PRODUCT_BUNDLE_IDENTIFIER = name.seven.ShakeStatXCTests;
				PRODUCT_NAME = "$(TARGET_NAME)";
				STRING_CATALOG_GENERATE_SYMBOLS = NO;
				SWIFT_APPROACHABLE_CONCURRENCY = YES;
				SWIFT_EMIT_LOC_STRINGS = NO;
				SWIFT_UPCOMING_FEATURE_MEMBER_IMPORT_VISIBILITY = YES;
				SWIFT_VERSION = 5.0;
				TARGETED_DEVICE_FAMILY = "1,2";
				TEST_HOST = "$(BUILT_PRODUCTS_DIR)/ShakeStat.app/$(BUNDLE_EXECUTABLE_FOLDER_PATH)/ShakeStat";
			};
			name = Debug;
		};
		D81C08742F0649A400E08999 /* Release */ = {
			isa = XCBuildConfiguration;
			buildSettings = {
				BUNDLE_LOADER = "$(TEST_HOST)";
				CODE_SIGN_STYLE = Automatic;
				CURRENT_PROJECT_VERSION = 1;
				GENERATE_INFOPLIST_FILE = YES;
				MARKETING_VERSION = 1.0;
				PRODUCT_BUNDLE_IDENTIFIER = name.seven.ShakeStatXCTests;
				PRODUCT_NAME = "$(TARGET_NAME)";
				STRING_CATALOG_GENERATE_SYMBOLS = NO;
				SWIFT_APPROACHABLE_CONCURRENCY = YES;
				SWIFT_EMIT_LOC_STRINGS = NO;
				SWIFT_UPCOMING_FEATURE_MEMBER_IMPORT_VISIBILITY = YES;
				SWIFT_VERSION = 5.0;
				TARGETED_DEVICE_FAMILY = "1,2";
				TEST_HOST = "$(BUILT_PRODUCTS_DIR)/ShakeStat.app/$(BUNDLE_EXECUTABLE_FOLDER_PATH)/ShakeStat";
			};
			name = Release;
		};
/* End XCBuildConfiguration section */

/* Begin XCConfigurationList section */
		D81C08372F06485D00E08999 /* Build configuration list for PBXProject "ShakeStat" */ = {
			isa = XCConfigurationList;
			buildConfigurations = (
				D81C085B2F06486000E08999 /* Debug */,
				D81C085C2F06486000E08999 /* Release */,
			);
			defaultConfigurationIsVisible = 0;
			defaultConfigurationName = Release;
		};
		D81C085D2F06486000E08999 /* Build configuration list for PBXNativeTarget "ShakeStat" */ = {
			isa = XCConfigurationList;
			buildConfigurations = (
				D81C085E2F06486000E08999 /* Debug */,
				D81C085F2F06486000E08999 /* Release */,
			);
			defaultConfigurationIsVisible = 0;
			defaultConfigurationName = Release;
		};
		D81C08602F06486000E08999 /* Build configuration list for PBXNativeTarget "ShakeStatTests" */ = {
			isa = XCConfigurationList;
			buildConfigurations = (
				D81C08612F06486000E08999 /* Debug */,
				D81C08622F06486000E08999 /* Release */,
			);
			defaultConfigurationIsVisible = 0;
			defaultConfigurationName = Release;
		};
		D81C08632F06486000E08999 /* Build configuration list for PBXNativeTarget "ShakeStatUITests" */ = {
			isa = XCConfigurationList;
			buildConfigurations = (
				D81C08642F06486000E08999 /* Debug */,
				D81C08652F06486000E08999 /* Release */,
			);
			defaultConfigurationIsVisible = 0;
			defaultConfigurationName = Release;
		};
		D81C08722F0649A400E08999 /* Build configuration list for PBXNativeTarget "ShakeStatXCTests" */ = {
			isa = XCConfigurationList;
			buildConfigurations = (
				D81C08732F0649A400E08999 /* Debug */,
				D81C08742F0649A400E08999 /* Release */,
			);
			defaultConfigurationIsVisible = 0;
			defaultConfigurationName = Release;
		};
/* End XCConfigurationList section */
	};
	rootObject = D81C08342F06485D00E08999 /* Project object */;
}
