// !$*UTF8*$!
{
	archiveVersion = 1;
	classes = {
	};
	objectVersion = 50;
	objects = {

/* Begin PBXBuildFile section */
		D849C58C23582DF000C09786 /* SerialQueueDemo.m in Sources */ = {isa = PBXBuildFile; fileRef = D849C58B23582DF000C09786 /* SerialQueueDemo.m */; };
		D87BA6FF23540597003784AF /* PthreadMutexRecursiveLockDemo.m in Sources */ = {isa = PBXBuildFile; fileRef = D87BA6FE23540597003784AF /* PthreadMutexRecursiveLockDemo.m */; };
		D88BCAFA2351633F0094CF71 /* OSUnfairLockDemo.m in Sources */ = {isa = PBXBuildFile; fileRef = D88BCAF92351633F0094CF71 /* OSUnfairLockDemo.m */; };
		D88BCAFD235166720094CF71 /* PthreadMutexLockDemo.m in Sources */ = {isa = PBXBuildFile; fileRef = D88BCAFC235166720094CF71 /* PthreadMutexLockDemo.m */; };
		D89D9BAA2350169300CD5FA4 /* BaseNoLockDemo.m in Sources */ = {isa = PBXBuildFile; fileRef = D89D9BA92350169300CD5FA4 /* BaseNoLockDemo.m */; };
		D89D9BAD2350170400CD5FA4 /* OSSpinLockDemo.m in Sources */ = {isa = PBXBuildFile; fileRef = D89D9BAC2350170400CD5FA4 /* OSSpinLockDemo.m */; };
		D89EC9E0235C44F600584B09 /* PthreadRWLockDemo.m in Sources */ = {isa = PBXBuildFile; fileRef = D89EC9DF235C44F600584B09 /* PthreadRWLockDemo.m */; };
		D89EC9E3235C451900584B09 /* DispatchBarrierAsyncDemo.m in Sources */ = {isa = PBXBuildFile; fileRef = D89EC9E2235C451900584B09 /* DispatchBarrierAsyncDemo.m */; };
		D8B1A4D92355CAA9003D6F75 /* PthreadMutexConditionLockDemo.m in Sources */ = {isa = PBXBuildFile; fileRef = D8B1A4D82355CAA9003D6F75 /* PthreadMutexConditionLockDemo.m */; };
		D8CE2904234C29AC006AEC52 /* AppDelegate.m in Sources */ = {isa = PBXBuildFile; fileRef = D8CE2903234C29AC006AEC52 /* AppDelegate.m */; };
		D8CE2907234C29AC006AEC52 /* ViewController.m in Sources */ = {isa = PBXBuildFile; fileRef = D8CE2906234C29AC006AEC52 /* ViewController.m */; };
		D8CE290A234C29AC006AEC52 /* Main.storyboard in Resources */ = {isa = PBXBuildFile; fileRef = D8CE2908234C29AC006AEC52 /* Main.storyboard */; };
		D8CE290C234C29AD006AEC52 /* Assets.xcassets in Resources */ = {isa = PBXBuildFile; fileRef = D8CE290B234C29AD006AEC52 /* Assets.xcassets */; };
		D8CE290F234C29AD006AEC52 /* LaunchScreen.storyboard in Resources */ = {isa = PBXBuildFile; fileRef = D8CE290D234C29AD006AEC52 /* LaunchScreen.storyboard */; };
		D8CE2912234C29AD006AEC52 /* main.m in Sources */ = {isa = PBXBuildFile; fileRef = D8CE2911234C29AD006AEC52 /* main.m */; };
		D8DAA83A23595CC900EB28E0 /* DispatchSemaphoreDemo.m in Sources */ = {isa = PBXBuildFile; fileRef = D8DAA83923595CC900EB28E0 /* DispatchSemaphoreDemo.m */; };
		D8DAA83D235980BE00EB28E0 /* SynchronizedDemo.m in Sources */ = {isa = PBXBuildFile; fileRef = D8DAA83C235980BE00EB28E0 /* SynchronizedDemo.m */; };
		D8E698482356E65200BC7E21 /* NSLockDemo.m in Sources */ = {isa = PBXBuildFile; fileRef = D8E698472356E65200BC7E21 /* NSLockDemo.m */; };
		D8E6984B2356E81D00BC7E21 /* NSRecursiveLockDemo.m in Sources */ = {isa = PBXBuildFile; fileRef = D8E6984A2356E81D00BC7E21 /* NSRecursiveLockDemo.m */; };
		D8E6984E2356E82D00BC7E21 /* NSConditionLockDemo.m in Sources */ = {isa = PBXBuildFile; fileRef = D8E6984D2356E82D00BC7E21 /* NSConditionLockDemo.m */; };
		D8E698542356FBF000BC7E21 /* NSConditionDemo.m in Sources */ = {isa = PBXBuildFile; fileRef = D8E698532356FBF000BC7E21 /* NSConditionDemo.m */; };
/* End PBXBuildFile section */

/* Begin PBXFileReference section */
		D849C58A23582DF000C09786 /* SerialQueueDemo.h */ = {isa = PBXFileReference; lastKnownFileType = sourcecode.c.h; path = SerialQueueDemo.h; sourceTree = "<group>"; };
		D849C58B23582DF000C09786 /* SerialQueueDemo.m */ = {isa = PBXFileReference; lastKnownFileType = sourcecode.c.objc; path = SerialQueueDemo.m; sourceTree = "<group>"; };
		D87BA6FD23540597003784AF /* PthreadMutexRecursiveLockDemo.h */ = {isa = PBXFileReference; lastKnownFileType = sourcecode.c.h; path = PthreadMutexRecursiveLockDemo.h; sourceTree = "<group>"; };
		D87BA6FE23540597003784AF /* PthreadMutexRecursiveLockDemo.m */ = {isa = PBXFileReference; lastKnownFileType = sourcecode.c.objc; path = PthreadMutexRecursiveLockDemo.m; sourceTree = "<group>"; };
		D88BCAF82351633F0094CF71 /* OSUnfairLockDemo.h */ = {isa = PBXFileReference; lastKnownFileType = sourcecode.c.h; path = OSUnfairLockDemo.h; sourceTree = "<group>"; };
		D88BCAF92351633F0094CF71 /* OSUnfairLockDemo.m */ = {isa = PBXFileReference; lastKnownFileType = sourcecode.c.objc; path = OSUnfairLockDemo.m; sourceTree = "<group>"; };
		D88BCAFB235166720094CF71 /* PthreadMutexLockDemo.h */ = {isa = PBXFileReference; lastKnownFileType = sourcecode.c.h; path = PthreadMutexLockDemo.h; sourceTree = "<group>"; };
		D88BCAFC235166720094CF71 /* PthreadMutexLockDemo.m */ = {isa = PBXFileReference; lastKnownFileType = sourcecode.c.objc; path = PthreadMutexLockDemo.m; sourceTree = "<group>"; };
		D89D9BA82350169300CD5FA4 /* BaseNoLockDemo.h */ = {isa = PBXFileReference; lastKnownFileType = sourcecode.c.h; path = BaseNoLockDemo.h; sourceTree = "<group>"; };
		D89D9BA92350169300CD5FA4 /* BaseNoLockDemo.m */ = {isa = PBXFileReference; lastKnownFileType = sourcecode.c.objc; path = BaseNoLockDemo.m; sourceTree = "<group>"; };
		D89D9BAB2350170400CD5FA4 /* OSSpinLockDemo.h */ = {isa = PBXFileReference; lastKnownFileType = sourcecode.c.h; path = OSSpinLockDemo.h; sourceTree = "<group>"; };
		D89D9BAC2350170400CD5FA4 /* OSSpinLockDemo.m */ = {isa = PBXFileReference; lastKnownFileType = sourcecode.c.objc; path = OSSpinLockDemo.m; sourceTree = "<group>"; };
		D89EC9DE235C44F600584B09 /* PthreadRWLockDemo.h */ = {isa = PBXFileReference; lastKnownFileType = sourcecode.c.h; path = PthreadRWLockDemo.h; sourceTree = "<group>"; };
		D89EC9DF235C44F600584B09 /* PthreadRWLockDemo.m */ = {isa = PBXFileReference; lastKnownFileType = sourcecode.c.objc; path = PthreadRWLockDemo.m; sourceTree = "<group>"; };
		D89EC9E1235C451900584B09 /* DispatchBarrierAsyncDemo.h */ = {isa = PBXFileReference; lastKnownFileType = sourcecode.c.h; path = DispatchBarrierAsyncDemo.h; sourceTree = "<group>"; };
		D89EC9E2235C451900584B09 /* DispatchBarrierAsyncDemo.m */ = {isa = PBXFileReference; lastKnownFileType = sourcecode.c.objc; path = DispatchBarrierAsyncDemo.m; sourceTree = "<group>"; };
		D8B1A4D72355CAA9003D6F75 /* PthreadMutexConditionLockDemo.h */ = {isa = PBXFileReference; lastKnownFileType = sourcecode.c.h; path = PthreadMutexConditionLockDemo.h; sourceTree = "<group>"; };
		D8B1A4D82355CAA9003D6F75 /* PthreadMutexConditionLockDemo.m */ = {isa = PBXFileReference; lastKnownFileType = sourcecode.c.objc; path = PthreadMutexConditionLockDemo.m; sourceTree = "<group>"; };
		D8CE28FF234C29AC006AEC52 /* GCD.app */ = {isa = PBXFileReference; explicitFileType = wrapper.application; includeInIndex = 0; path = GCD.app; sourceTree = BUILT_PRODUCTS_DIR; };
		D8CE2902234C29AC006AEC52 /* AppDelegate.h */ = {isa = PBXFileReference; lastKnownFileType = sourcecode.c.h; path = AppDelegate.h; sourceTree = "<group>"; };
		D8CE2903234C29AC006AEC52 /* AppDelegate.m */ = {isa = PBXFileReference; lastKnownFileType = sourcecode.c.objc; path = AppDelegate.m; sourceTree = "<group>"; };
		D8CE2905234C29AC006AEC52 /* ViewController.h */ = {isa = PBXFileReference; lastKnownFileType = sourcecode.c.h; path = ViewController.h; sourceTree = "<group>"; };
		D8CE2906234C29AC006AEC52 /* ViewController.m */ = {isa = PBXFileReference; lastKnownFileType = sourcecode.c.objc; path = ViewController.m; sourceTree = "<group>"; };
		D8CE2909234C29AC006AEC52 /* Base */ = {isa = PBXFileReference; lastKnownFileType = file.storyboard; name = Base; path = Base.lproj/Main.storyboard; sourceTree = "<group>"; };
		D8CE290B234C29AD006AEC52 /* Assets.xcassets */ = {isa = PBXFileReference; lastKnownFileType = folder.assetcatalog; path = Assets.xcassets; sourceTree = "<group>"; };
		D8CE290E234C29AD006AEC52 /* Base */ = {isa = PBXFileReference; lastKnownFileType = file.storyboard; name = Base; path = Base.lproj/LaunchScreen.storyboard; sourceTree = "<group>"; };
		D8CE2910234C29AD006AEC52 /* Info.plist */ = {isa = PBXFileReference; lastKnownFileType = text.plist.xml; path = Info.plist; sourceTree = "<group>"; };
		D8CE2911234C29AD006AEC52 /* main.m */ = {isa = PBXFileReference; lastKnownFileType = sourcecode.c.objc; path = main.m; sourceTree = "<group>"; };
		D8DAA83823595CC900EB28E0 /* DispatchSemaphoreDemo.h */ = {isa = PBXFileReference; lastKnownFileType = sourcecode.c.h; path = DispatchSemaphoreDemo.h; sourceTree = "<group>"; };
		D8DAA83923595CC900EB28E0 /* DispatchSemaphoreDemo.m */ = {isa = PBXFileReference; lastKnownFileType = sourcecode.c.objc; path = DispatchSemaphoreDemo.m; sourceTree = "<group>"; };
		D8DAA83B235980BE00EB28E0 /* SynchronizedDemo.h */ = {isa = PBXFileReference; lastKnownFileType = sourcecode.c.h; path = SynchronizedDemo.h; sourceTree = "<group>"; };
		D8DAA83C235980BE00EB28E0 /* SynchronizedDemo.m */ = {isa = PBXFileReference; lastKnownFileType = sourcecode.c.objc; path = SynchronizedDemo.m; sourceTree = "<group>"; };
		D8E698462356E65200BC7E21 /* NSLockDemo.h */ = {isa = PBXFileReference; lastKnownFileType = sourcecode.c.h; path = NSLockDemo.h; sourceTree = "<group>"; };
		D8E698472356E65200BC7E21 /* NSLockDemo.m */ = {isa = PBXFileReference; lastKnownFileType = sourcecode.c.objc; path = NSLockDemo.m; sourceTree = "<group>"; };
		D8E698492356E81D00BC7E21 /* NSRecursiveLockDemo.h */ = {isa = PBXFileReference; lastKnownFileType = sourcecode.c.h; path = NSRecursiveLockDemo.h; sourceTree = "<group>"; };
		D8E6984A2356E81D00BC7E21 /* NSRecursiveLockDemo.m */ = {isa = PBXFileReference; lastKnownFileType = sourcecode.c.objc; path = NSRecursiveLockDemo.m; sourceTree = "<group>"; };
		D8E6984C2356E82D00BC7E21 /* NSConditionLockDemo.h */ = {isa = PBXFileReference; lastKnownFileType = sourcecode.c.h; path = NSConditionLockDemo.h; sourceTree = "<group>"; };
		D8E6984D2356E82D00BC7E21 /* NSConditionLockDemo.m */ = {isa = PBXFileReference; lastKnownFileType = sourcecode.c.objc; path = NSConditionLockDemo.m; sourceTree = "<group>"; };
		D8E698522356FBF000BC7E21 /* NSConditionDemo.h */ = {isa = PBXFileReference; lastKnownFileType = sourcecode.c.h; path = NSConditionDemo.h; sourceTree = "<group>"; };
		D8E698532356FBF000BC7E21 /* NSConditionDemo.m */ = {isa = PBXFileReference; lastKnownFileType = sourcecode.c.objc; path = NSConditionDemo.m; sourceTree = "<group>"; };
/* End PBXFileReference section */

/* Begin PBXFrameworksBuildPhase section */
		D8CE28FC234C29AC006AEC52 /* Frameworks */ = {
			isa = PBXFrameworksBuildPhase;
			buildActionMask = 2147483647;
			files = (
			);
			runOnlyForDeploymentPostprocessing = 0;
		};
/* End PBXFrameworksBuildPhase section */

/* Begin PBXGroup section */
		D89D9BA72350167500CD5FA4 /* Locks */ = {
			isa = PBXGroup;
			children = (
				D89D9BA82350169300CD5FA4 /* BaseNoLockDemo.h */,
				D89D9BA92350169300CD5FA4 /* BaseNoLockDemo.m */,
				D89D9BAB2350170400CD5FA4 /* OSSpinLockDemo.h */,
				D89D9BAC2350170400CD5FA4 /* OSSpinLockDemo.m */,
				D88BCAF82351633F0094CF71 /* OSUnfairLockDemo.h */,
				D88BCAF92351633F0094CF71 /* OSUnfairLockDemo.m */,
				D88BCAFB235166720094CF71 /* PthreadMutexLockDemo.h */,
				D88BCAFC235166720094CF71 /* PthreadMutexLockDemo.m */,
				D87BA6FD23540597003784AF /* PthreadMutexRecursiveLockDemo.h */,
				D87BA6FE23540597003784AF /* PthreadMutexRecursiveLockDemo.m */,
				D8B1A4D72355CAA9003D6F75 /* PthreadMutexConditionLockDemo.h */,
				D8B1A4D82355CAA9003D6F75 /* PthreadMutexConditionLockDemo.m */,
				D8E698462356E65200BC7E21 /* NSLockDemo.h */,
				D8E698472356E65200BC7E21 /* NSLockDemo.m */,
				D8E698492356E81D00BC7E21 /* NSRecursiveLockDemo.h */,
				D8E6984A2356E81D00BC7E21 /* NSRecursiveLockDemo.m */,
				D8E698522356FBF000BC7E21 /* NSConditionDemo.h */,
				D8E698532356FBF000BC7E21 /* NSConditionDemo.m */,
				D8E6984C2356E82D00BC7E21 /* NSConditionLockDemo.h */,
				D8E6984D2356E82D00BC7E21 /* NSConditionLockDemo.m */,
				D849C58A23582DF000C09786 /* SerialQueueDemo.h */,
				D849C58B23582DF000C09786 /* SerialQueueDemo.m */,
				D8DAA83823595CC900EB28E0 /* DispatchSemaphoreDemo.h */,
				D8DAA83923595CC900EB28E0 /* DispatchSemaphoreDemo.m */,
				D8DAA83B235980BE00EB28E0 /* SynchronizedDemo.h */,
				D8DAA83C235980BE00EB28E0 /* SynchronizedDemo.m */,
				D89EC9DE235C44F600584B09 /* PthreadRWLockDemo.h */,
				D89EC9DF235C44F600584B09 /* PthreadRWLockDemo.m */,
				D89EC9E1235C451900584B09 /* DispatchBarrierAsyncDemo.h */,
				D89EC9E2235C451900584B09 /* DispatchBarrierAsyncDemo.m */,
			);
			path = Locks;
			sourceTree = "<group>";
		};
		D8CE28F6234C29AC006AEC52 = {
			isa = PBXGroup;
			children = (
				D8CE2901234C29AC006AEC52 /* GCD */,
				D8CE2900234C29AC006AEC52 /* Products */,
			);
			sourceTree = "<group>";
		};
		D8CE2900234C29AC006AEC52 /* Products */ = {
			isa = PBXGroup;
			children = (
				D8CE28FF234C29AC006AEC52 /* GCD.app */,
			);
			name = Products;
			sourceTree = "<group>";
		};
		D8CE2901234C29AC006AEC52 /* GCD */ = {
			isa = PBXGroup;
			children = (
				D89D9BA72350167500CD5FA4 /* Locks */,
				D8CE2902234C29AC006AEC52 /* AppDelegate.h */,
				D8CE2903234C29AC006AEC52 /* AppDelegate.m */,
				D8CE2905234C29AC006AEC52 /* ViewController.h */,
				D8CE2906234C29AC006AEC52 /* ViewController.m */,
				D8CE2908234C29AC006AEC52 /* Main.storyboard */,
				D8CE290B234C29AD006AEC52 /* Assets.xcassets */,
				D8CE290D234C29AD006AEC52 /* LaunchScreen.storyboard */,
				D8CE2910234C29AD006AEC52 /* Info.plist */,
				D8CE2911234C29AD006AEC52 /* main.m */,
			);
			path = GCD;
			sourceTree = "<group>";
		};
/* End PBXGroup section */

/* Begin PBXNativeTarget section */
		D8CE28FE234C29AC006AEC52 /* GCD */ = {
			isa = PBXNativeTarget;
			buildConfigurationList = D8CE2915234C29AD006AEC52 /* Build configuration list for PBXNativeTarget "GCD" */;
			buildPhases = (
				D8CE28FB234C29AC006AEC52 /* Sources */,
				D8CE28FC234C29AC006AEC52 /* Frameworks */,
				D8CE28FD234C29AC006AEC52 /* Resources */,
			);
			buildRules = (
			);
			dependencies = (
			);
			name = GCD;
			productName = GCD;
			productReference = D8CE28FF234C29AC006AEC52 /* GCD.app */;
			productType = "com.apple.product-type.application";
		};
/* End PBXNativeTarget section */

/* Begin PBXProject section */
		D8CE28F7234C29AC006AEC52 /* Project object */ = {
			isa = PBXProject;
			attributes = {
				LastUpgradeCheck = 1010;
				ORGANIZATIONNAME = kkk;
				TargetAttributes = {
					D8CE28FE234C29AC006AEC52 = {
						CreatedOnToolsVersion = 10.1;
					};
				};
			};
			buildConfigurationList = D8CE28FA234C29AC006AEC52 /* Build configuration list for PBXProject "GCD" */;
			compatibilityVersion = "Xcode 9.3";
			developmentRegion = en;
			hasScannedForEncodings = 0;
			knownRegions = (
				en,
				Base,
			);
			mainGroup = D8CE28F6234C29AC006AEC52;
			productRefGroup = D8CE2900234C29AC006AEC52 /* Products */;
			projectDirPath = "";
			projectRoot = "";
			targets = (
				D8CE28FE234C29AC006AEC52 /* GCD */,
			);
		};
/* End PBXProject section */

/* Begin PBXResourcesBuildPhase section */
		D8CE28FD234C29AC006AEC52 /* Resources */ = {
			isa = PBXResourcesBuildPhase;
			buildActionMask = 2147483647;
			files = (
				D8CE290F234C29AD006AEC52 /* LaunchScreen.storyboard in Resources */,
				D8CE290C234C29AD006AEC52 /* Assets.xcassets in Resources */,
				D8CE290A234C29AC006AEC52 /* Main.storyboard in Resources */,
			);
			runOnlyForDeploymentPostprocessing = 0;
		};
/* End PBXResourcesBuildPhase section */

/* Begin PBXSourcesBuildPhase section */
		D8CE28FB234C29AC006AEC52 /* Sources */ = {
			isa = PBXSourcesBuildPhase;
			buildActionMask = 2147483647;
			files = (
				D849C58C23582DF000C09786 /* SerialQueueDemo.m in Sources */,
				D8CE2907234C29AC006AEC52 /* ViewController.m in Sources */,
				D8DAA83D235980BE00EB28E0 /* SynchronizedDemo.m in Sources */,
				D89D9BAD2350170400CD5FA4 /* OSSpinLockDemo.m in Sources */,
				D8B1A4D92355CAA9003D6F75 /* PthreadMutexConditionLockDemo.m in Sources */,
				D89EC9E0235C44F600584B09 /* PthreadRWLockDemo.m in Sources */,
				D88BCAFD235166720094CF71 /* PthreadMutexLockDemo.m in Sources */,
				D8E698482356E65200BC7E21 /* NSLockDemo.m in Sources */,
				D8E698542356FBF000BC7E21 /* NSConditionDemo.m in Sources */,
				D87BA6FF23540597003784AF /* PthreadMutexRecursiveLockDemo.m in Sources */,
				D8E6984E2356E82D00BC7E21 /* NSConditionLockDemo.m in Sources */,
				D88BCAFA2351633F0094CF71 /* OSUnfairLockDemo.m in Sources */,
				D89D9BAA2350169300CD5FA4 /* BaseNoLockDemo.m in Sources */,
				D8CE2912234C29AD006AEC52 /* main.m in Sources */,
				D8E6984B2356E81D00BC7E21 /* NSRecursiveLockDemo.m in Sources */,
				D89EC9E3235C451900584B09 /* DispatchBarrierAsyncDemo.m in Sources */,
				D8DAA83A23595CC900EB28E0 /* DispatchSemaphoreDemo.m in Sources */,
				D8CE2904234C29AC006AEC52 /* AppDelegate.m in Sources */,
			);
			runOnlyForDeploymentPostprocessing = 0;
		};
/* End PBXSourcesBuildPhase section */

/* Begin PBXVariantGroup section */
		D8CE2908234C29AC006AEC52 /* Main.storyboard */ = {
			isa = PBXVariantGroup;
			children = (
				D8CE2909234C29AC006AEC52 /* Base */,
			);
			name = Main.storyboard;
			sourceTree = "<group>";
		};
		D8CE290D234C29AD006AEC52 /* LaunchScreen.storyboard */ = {
			isa = PBXVariantGroup;
			children = (
				D8CE290E234C29AD006AEC52 /* Base */,
			);
			name = LaunchScreen.storyboard;
			sourceTree = "<group>";
		};
/* End PBXVariantGroup section */

/* Begin XCBuildConfiguration section */
		D8CE2913234C29AD006AEC52 /* Debug */ = {
			isa = XCBuildConfiguration;
			buildSettings = {
				ALWAYS_SEARCH_USER_PATHS = NO;
				CLANG_ANALYZER_NONNULL = YES;
				CLANG_ANALYZER_NUMBER_OBJECT_CONVERSION = YES_AGGRESSIVE;
				CLANG_CXX_LANGUAGE_STANDARD = "gnu++14";
				CLANG_CXX_LIBRARY = "libc++";
				CLANG_ENABLE_MODULES = YES;
				CLANG_ENABLE_OBJC_ARC = YES;
				CLANG_ENABLE_OBJC_WEAK = YES;
				CLANG_WARN_BLOCK_CAPTURE_AUTORELEASING = YES;
				CLANG_WARN_BOOL_CONVERSION = YES;
				CLANG_WARN_COMMA = YES;
				CLANG_WARN_CONSTANT_CONVERSION = YES;
				CLANG_WARN_DEPRECATED_OBJC_IMPLEMENTATIONS = YES;
				CLANG_WARN_DIRECT_OBJC_ISA_USAGE = YES_ERROR;
				CLANG_WARN_DOCUMENTATION_COMMENTS = YES;
				CLANG_WARN_EMPTY_BODY = YES;
				CLANG_WARN_ENUM_CONVERSION = YES;
				CLANG_WARN_INFINITE_RECURSION = YES;
				CLANG_WARN_INT_CONVERSION = YES;
				CLANG_WARN_NON_LITERAL_NULL_CONVERSION = YES;
				CLANG_WARN_OBJC_IMPLICIT_RETAIN_SELF = YES;
				CLANG_WARN_OBJC_LITERAL_CONVERSION = YES;
				CLANG_WARN_OBJC_ROOT_CLASS = YES_ERROR;
				CLANG_WARN_RANGE_LOOP_ANALYSIS = YES;
				CLANG_WARN_STRICT_PROTOTYPES = YES;
				CLANG_WARN_SUSPICIOUS_MOVE = YES;
				CLANG_WARN_UNGUARDED_AVAILABILITY = YES_AGGRESSIVE;
				CLANG_WARN_UNREACHABLE_CODE = YES;
				CLANG_WARN__DUPLICATE_METHOD_MATCH = YES;
				CODE_SIGN_IDENTITY = "iPhone Developer";
				COPY_PHASE_STRIP = NO;
				DEBUG_INFORMATION_FORMAT = dwarf;
				ENABLE_STRICT_OBJC_MSGSEND = YES;
				ENABLE_TESTABILITY = YES;
				GCC_C_LANGUAGE_STANDARD = gnu11;
				GCC_DYNAMIC_NO_PIC = NO;
				GCC_NO_COMMON_BLOCKS = YES;
				GCC_OPTIMIZATION_LEVEL = 0;
				GCC_PREPROCESSOR_DEFINITIONS = (
					"DEBUG=1",
					"$(inherited)",
				);
				GCC_WARN_64_TO_32_BIT_CONVERSION = YES;
				GCC_WARN_ABOUT_RETURN_TYPE = YES_ERROR;
				GCC_WARN_UNDECLARED_SELECTOR = YES;
				GCC_WARN_UNINITIALIZED_AUTOS = YES_AGGRESSIVE;
				GCC_WARN_UNUSED_FUNCTION = YES;
				GCC_WARN_UNUSED_VARIABLE = YES;
				IPHONEOS_DEPLOYMENT_TARGET = 12.1;
				MTL_ENABLE_DEBUG_INFO = INCLUDE_SOURCE;
				MTL_FAST_MATH = YES;
				ONLY_ACTIVE_ARCH = YES;
				SDKROOT = iphoneos;
			};
			name = Debug;
		};
		D8CE2914234C29AD006AEC52 /* Release */ = {
			isa = XCBuildConfiguration;
			buildSettings = {
				ALWAYS_SEARCH_USER_PATHS = NO;
				CLANG_ANALYZER_NONNULL = YES;
				CLANG_ANALYZER_NUMBER_OBJECT_CONVERSION = YES_AGGRESSIVE;
				CLANG_CXX_LANGUAGE_STANDARD = "gnu++14";
				CLANG_CXX_LIBRARY = "libc++";
				CLANG_ENABLE_MODULES = YES;
				CLANG_ENABLE_OBJC_ARC = YES;
				CLANG_ENABLE_OBJC_WEAK = YES;
				CLANG_WARN_BLOCK_CAPTURE_AUTORELEASING = YES;
				CLANG_WARN_BOOL_CONVERSION = YES;
				CLANG_WARN_COMMA = YES;
				CLANG_WARN_CONSTANT_CONVERSION = YES;
				CLANG_WARN_DEPRECATED_OBJC_IMPLEMENTATIONS = YES;
				CLANG_WARN_DIRECT_OBJC_ISA_USAGE = YES_ERROR;
				CLANG_WARN_DOCUMENTATION_COMMENTS = YES;
				CLANG_WARN_EMPTY_BODY = YES;
				CLANG_WARN_ENUM_CONVERSION = YES;
				CLANG_WARN_INFINITE_RECURSION = YES;
				CLANG_WARN_INT_CONVERSION = YES;
				CLANG_WARN_NON_LITERAL_NULL_CONVERSION = YES;
				CLANG_WARN_OBJC_IMPLICIT_RETAIN_SELF = YES;
				CLANG_WARN_OBJC_LITERAL_CONVERSION = YES;
				CLANG_WARN_OBJC_ROOT_CLASS = YES_ERROR;
				CLANG_WARN_RANGE_LOOP_ANALYSIS = YES;
				CLANG_WARN_STRICT_PROTOTYPES = YES;
				CLANG_WARN_SUSPICIOUS_MOVE = YES;
				CLANG_WARN_UNGUARDED_AVAILABILITY = YES_AGGRESSIVE;
				CLANG_WARN_UNREACHABLE_CODE = YES;
				CLANG_WARN__DUPLICATE_METHOD_MATCH = YES;
				CODE_SIGN_IDENTITY = "iPhone Developer";
				COPY_PHASE_STRIP = NO;
				DEBUG_INFORMATION_FORMAT = "dwarf-with-dsym";
				ENABLE_NS_ASSERTIONS = NO;
				ENABLE_STRICT_OBJC_MSGSEND = YES;
				GCC_C_LANGUAGE_STANDARD = gnu11;
				GCC_NO_COMMON_BLOCKS = YES;
				GCC_WARN_64_TO_32_BIT_CONVERSION = YES;
				GCC_WARN_ABOUT_RETURN_TYPE = YES_ERROR;
				GCC_WARN_UNDECLARED_SELECTOR = YES;
				GCC_WARN_UNINITIALIZED_AUTOS = YES_AGGRESSIVE;
				GCC_WARN_UNUSED_FUNCTION = YES;
				GCC_WARN_UNUSED_VARIABLE = YES;
				IPHONEOS_DEPLOYMENT_TARGET = 12.1;
				MTL_ENABLE_DEBUG_INFO = NO;
				MTL_FAST_MATH = YES;
				SDKROOT = iphoneos;
				VALIDATE_PRODUCT = YES;
			};
			name = Release;
		};
		D8CE2916234C29AD006AEC52 /* Debug */ = {
			isa = XCBuildConfiguration;
			buildSettings = {
				ASSETCATALOG_COMPILER_APPICON_NAME = AppIcon;
				CODE_SIGN_STYLE = Automatic;
				INFOPLIST_FILE = GCD/Info.plist;
				LD_RUNPATH_SEARCH_PATHS = (
					"$(inherited)",
					"@executable_path/Frameworks",
				);
				PRODUCT_BUNDLE_IDENTIFIER = kkk.GCD;
				PRODUCT_NAME = "$(TARGET_NAME)";
				TARGETED_DEVICE_FAMILY = "1,2";
			};
			name = Debug;
		};
		D8CE2917234C29AD006AEC52 /* Release */ = {
			isa = XCBuildConfiguration;
			buildSettings = {
				ASSETCATALOG_COMPILER_APPICON_NAME = AppIcon;
				CODE_SIGN_STYLE = Automatic;
				INFOPLIST_FILE = GCD/Info.plist;
				LD_RUNPATH_SEARCH_PATHS = (
					"$(inherited)",
					"@executable_path/Frameworks",
				);
				PRODUCT_BUNDLE_IDENTIFIER = kkk.GCD;
				PRODUCT_NAME = "$(TARGET_NAME)";
				TARGETED_DEVICE_FAMILY = "1,2";
			};
			name = Release;
		};
/* End XCBuildConfiguration section */

/* Begin XCConfigurationList section */
		D8CE28FA234C29AC006AEC52 /* Build configuration list for PBXProject "GCD" */ = {
			isa = XCConfigurationList;
			buildConfigurations = (
				D8CE2913234C29AD006AEC52 /* Debug */,
				D8CE2914234C29AD006AEC52 /* Release */,
			);
			defaultConfigurationIsVisible = 0;
			defaultConfigurationName = Release;
		};
		D8CE2915234C29AD006AEC52 /* Build configuration list for PBXNativeTarget "GCD" */ = {
			isa = XCConfigurationList;
			buildConfigurations = (
				D8CE2916234C29AD006AEC52 /* Debug */,
				D8CE2917234C29AD006AEC52 /* Release */,
			);
			defaultConfigurationIsVisible = 0;
			defaultConfigurationName = Release;
		};
/* End XCConfigurationList section */
	};
	rootObject = D8CE28F7234C29AC006AEC52 /* Project object */;
}
