// !$*UTF8*$!
{
	archiveVersion = 1;
	classes = {
	};
	objectVersion = 50;
	objects = {

/* Begin PBXBuildFile section */
		6314E3382345A807006FB79D /* SubSomeClass.m in Sources */ = {isa = PBXBuildFile; fileRef = 6314E3372345A807006FB79D /* SubSomeClass.m */; };
		6314E33B2345A815006FB79D /* SubSubSomeClass.m in Sources */ = {isa = PBXBuildFile; fileRef = 6314E33A2345A815006FB79D /* SubSubSomeClass.m */; };
		63FB246F2342DC3F00B66692 /* main.mm in Sources */ = {isa = PBXBuildFile; fileRef = 63FB246E2342DC3F00B66692 /* main.mm */; };
		63FB24772342DC5400B66692 /* SomeClass.m in Sources */ = {isa = PBXBuildFile; fileRef = 63FB24762342DC5400B66692 /* SomeClass.m */; };
/* End PBXBuildFile section */

/* Begin PBXCopyFilesBuildPhase section */
		63FB24692342DC3F00B66692 /* CopyFiles */ = {
			isa = PBXCopyFilesBuildPhase;
			buildActionMask = 2147483647;
			dstPath = /usr/share/man/man1/;
			dstSubfolderSpec = 0;
			files = (
			);
			runOnlyForDeploymentPostprocessing = 1;
		};
/* End PBXCopyFilesBuildPhase section */

/* Begin PBXFileReference section */
		6314E3352345A7A2006FB79D /* ClassInfo.h */ = {isa = PBXFileReference; fileEncoding = 4; lastKnownFileType = sourcecode.c.h; name = ClassInfo.h; path = ../../ClassStruct/ClassStruct/ClassInfo.h; sourceTree = "<group>"; };
		6314E3362345A807006FB79D /* SubSomeClass.h */ = {isa = PBXFileReference; lastKnownFileType = sourcecode.c.h; path = SubSomeClass.h; sourceTree = "<group>"; };
		6314E3372345A807006FB79D /* SubSomeClass.m */ = {isa = PBXFileReference; lastKnownFileType = sourcecode.c.objc; path = SubSomeClass.m; sourceTree = "<group>"; };
		6314E3392345A815006FB79D /* SubSubSomeClass.h */ = {isa = PBXFileReference; lastKnownFileType = sourcecode.c.h; path = SubSubSomeClass.h; sourceTree = "<group>"; };
		6314E33A2345A815006FB79D /* SubSubSomeClass.m */ = {isa = PBXFileReference; lastKnownFileType = sourcecode.c.objc; path = SubSubSomeClass.m; sourceTree = "<group>"; };
		63FB246B2342DC3F00B66692 /* Runtime */ = {isa = PBXFileReference; explicitFileType = "compiled.mach-o.executable"; includeInIndex = 0; path = Runtime; sourceTree = BUILT_PRODUCTS_DIR; };
		63FB246E2342DC3F00B66692 /* main.mm */ = {isa = PBXFileReference; lastKnownFileType = sourcecode.cpp.objcpp; path = main.mm; sourceTree = "<group>"; };
		63FB24752342DC5400B66692 /* SomeClass.h */ = {isa = PBXFileReference; lastKnownFileType = sourcecode.c.h; path = SomeClass.h; sourceTree = "<group>"; };
		63FB24762342DC5400B66692 /* SomeClass.m */ = {isa = PBXFileReference; lastKnownFileType = sourcecode.c.objc; path = SomeClass.m; sourceTree = "<group>"; };
/* End PBXFileReference section */

/* Begin PBXFrameworksBuildPhase section */
		63FB24682342DC3F00B66692 /* Frameworks */ = {
			isa = PBXFrameworksBuildPhase;
			buildActionMask = 2147483647;
			files = (
			);
			runOnlyForDeploymentPostprocessing = 0;
		};
/* End PBXFrameworksBuildPhase section */

/* Begin PBXGroup section */
		63FB24622342DC3F00B66692 = {
			isa = PBXGroup;
			children = (
				63FB246D2342DC3F00B66692 /* Runtime */,
				63FB246C2342DC3F00B66692 /* Products */,
			);
			sourceTree = "<group>";
		};
		63FB246C2342DC3F00B66692 /* Products */ = {
			isa = PBXGroup;
			children = (
				63FB246B2342DC3F00B66692 /* Runtime */,
			);
			name = Products;
			sourceTree = "<group>";
		};
		63FB246D2342DC3F00B66692 /* Runtime */ = {
			isa = PBXGroup;
			children = (
				63FB246E2342DC3F00B66692 /* main.mm */,
				6314E3352345A7A2006FB79D /* ClassInfo.h */,
				63FB24752342DC5400B66692 /* SomeClass.h */,
				63FB24762342DC5400B66692 /* SomeClass.m */,
				6314E3362345A807006FB79D /* SubSomeClass.h */,
				6314E3372345A807006FB79D /* SubSomeClass.m */,
				6314E3392345A815006FB79D /* SubSubSomeClass.h */,
				6314E33A2345A815006FB79D /* SubSubSomeClass.m */,
			);
			path = Runtime;
			sourceTree = "<group>";
		};
/* End PBXGroup section */

/* Begin PBXNativeTarget section */
		63FB246A2342DC3F00B66692 /* Runtime */ = {
			isa = PBXNativeTarget;
			buildConfigurationList = 63FB24722342DC3F00B66692 /* Build configuration list for PBXNativeTarget "Runtime" */;
			buildPhases = (
				63FB24672342DC3F00B66692 /* Sources */,
				63FB24682342DC3F00B66692 /* Frameworks */,
				63FB24692342DC3F00B66692 /* CopyFiles */,
			);
			buildRules = (
			);
			dependencies = (
			);
			name = Runtime;
			productName = Runtime;
			productReference = 63FB246B2342DC3F00B66692 /* Runtime */;
			productType = "com.apple.product-type.tool";
		};
/* End PBXNativeTarget section */

/* Begin PBXProject section */
		63FB24632342DC3F00B66692 /* Project object */ = {
			isa = PBXProject;
			attributes = {
				LastUpgradeCheck = 1100;
				ORGANIZATIONNAME = kkk;
				TargetAttributes = {
					63FB246A2342DC3F00B66692 = {
						CreatedOnToolsVersion = 11.0;
					};
				};
			};
			buildConfigurationList = 63FB24662342DC3F00B66692 /* Build configuration list for PBXProject "Runtime" */;
			compatibilityVersion = "Xcode 9.3";
			developmentRegion = en;
			hasScannedForEncodings = 0;
			knownRegions = (
				en,
				Base,
			);
			mainGroup = 63FB24622342DC3F00B66692;
			productRefGroup = 63FB246C2342DC3F00B66692 /* Products */;
			projectDirPath = "";
			projectRoot = "";
			targets = (
				63FB246A2342DC3F00B66692 /* Runtime */,
			);
		};
/* End PBXProject section */

/* Begin PBXSourcesBuildPhase section */
		63FB24672342DC3F00B66692 /* Sources */ = {
			isa = PBXSourcesBuildPhase;
			buildActionMask = 2147483647;
			files = (
				6314E3382345A807006FB79D /* SubSomeClass.m in Sources */,
				63FB24772342DC5400B66692 /* SomeClass.m in Sources */,
				6314E33B2345A815006FB79D /* SubSubSomeClass.m in Sources */,
				63FB246F2342DC3F00B66692 /* main.mm in Sources */,
			);
			runOnlyForDeploymentPostprocessing = 0;
		};
/* End PBXSourcesBuildPhase section */

/* Begin XCBuildConfiguration section */
		63FB24702342DC3F00B66692 /* Debug */ = {
			isa = XCBuildConfiguration;
			buildSettings = {
				ALWAYS_SEARCH_USER_PATHS = NO;
				CLANG_ANALYZER_NONNULL = YES;
				CLANG_ANALYZER_NUMBER_OBJECT_CONVERSION = YES_AGGRESSIVE;
				CLANG_CXX_LANGUAGE_STANDARD = "gnu++14";
				CLANG_CXX_LIBRARY = "libc++";
				CLANG_ENABLE_MODULES = YES;
				CLANG_ENABLE_OBJC_ARC = YES;
				CLANG_ENABLE_OBJC_WEAK = YES;
				CLANG_WARN_BLOCK_CAPTURE_AUTORELEASING = YES;
				CLANG_WARN_BOOL_CONVERSION = YES;
				CLANG_WARN_COMMA = YES;
				CLANG_WARN_CONSTANT_CONVERSION = YES;
				CLANG_WARN_DEPRECATED_OBJC_IMPLEMENTATIONS = YES;
				CLANG_WARN_DIRECT_OBJC_ISA_USAGE = YES_ERROR;
				CLANG_WARN_DOCUMENTATION_COMMENTS = YES;
				CLANG_WARN_EMPTY_BODY = YES;
				CLANG_WARN_ENUM_CONVERSION = YES;
				CLANG_WARN_INFINITE_RECURSION = YES;
				CLANG_WARN_INT_CONVERSION = YES;
				CLANG_WARN_NON_LITERAL_NULL_CONVERSION = YES;
				CLANG_WARN_OBJC_IMPLICIT_RETAIN_SELF = YES;
				CLANG_WARN_OBJC_LITERAL_CONVERSION = YES;
				CLANG_WARN_OBJC_ROOT_CLASS = YES_ERROR;
				CLANG_WARN_RANGE_LOOP_ANALYSIS = YES;
				CLANG_WARN_STRICT_PROTOTYPES = YES;
				CLANG_WARN_SUSPICIOUS_MOVE = YES;
				CLANG_WARN_UNGUARDED_AVAILABILITY = YES_AGGRESSIVE;
				CLANG_WARN_UNREACHABLE_CODE = YES;
				CLANG_WARN__DUPLICATE_METHOD_MATCH = YES;
				COPY_PHASE_STRIP = NO;
				DEBUG_INFORMATION_FORMAT = dwarf;
				ENABLE_STRICT_OBJC_MSGSEND = YES;
				ENABLE_TESTABILITY = YES;
				GCC_C_LANGUAGE_STANDARD = gnu11;
				GCC_DYNAMIC_NO_PIC = NO;
				GCC_NO_COMMON_BLOCKS = YES;
				GCC_OPTIMIZATION_LEVEL = 0;
				GCC_PREPROCESSOR_DEFINITIONS = (
					"DEBUG=1",
					"$(inherited)",
				);
				GCC_WARN_64_TO_32_BIT_CONVERSION = YES;
				GCC_WARN_ABOUT_RETURN_TYPE = YES_ERROR;
				GCC_WARN_UNDECLARED_SELECTOR = YES;
				GCC_WARN_UNINITIALIZED_AUTOS = YES_AGGRESSIVE;
				GCC_WARN_UNUSED_FUNCTION = YES;
				GCC_WARN_UNUSED_VARIABLE = YES;
				MACOSX_DEPLOYMENT_TARGET = 10.14;
				MTL_ENABLE_DEBUG_INFO = INCLUDE_SOURCE;
				MTL_FAST_MATH = YES;
				ONLY_ACTIVE_ARCH = YES;
				SDKROOT = macosx;
			};
			name = Debug;
		};
		63FB24712342DC3F00B66692 /* Release */ = {
			isa = XCBuildConfiguration;
			buildSettings = {
				ALWAYS_SEARCH_USER_PATHS = NO;
				CLANG_ANALYZER_NONNULL = YES;
				CLANG_ANALYZER_NUMBER_OBJECT_CONVERSION = YES_AGGRESSIVE;
				CLANG_CXX_LANGUAGE_STANDARD = "gnu++14";
				CLANG_CXX_LIBRARY = "libc++";
				CLANG_ENABLE_MODULES = YES;
				CLANG_ENABLE_OBJC_ARC = YES;
				CLANG_ENABLE_OBJC_WEAK = YES;
				CLANG_WARN_BLOCK_CAPTURE_AUTORELEASING = YES;
				CLANG_WARN_BOOL_CONVERSION = YES;
				CLANG_WARN_COMMA = YES;
				CLANG_WARN_CONSTANT_CONVERSION = YES;
				CLANG_WARN_DEPRECATED_OBJC_IMPLEMENTATIONS = YES;
				CLANG_WARN_DIRECT_OBJC_ISA_USAGE = YES_ERROR;
				CLANG_WARN_DOCUMENTATION_COMMENTS = YES;
				CLANG_WARN_EMPTY_BODY = YES;
				CLANG_WARN_ENUM_CONVERSION = YES;
				CLANG_WARN_INFINITE_RECURSION = YES;
				CLANG_WARN_INT_CONVERSION = YES;
				CLANG_WARN_NON_LITERAL_NULL_CONVERSION = YES;
				CLANG_WARN_OBJC_IMPLICIT_RETAIN_SELF = YES;
				CLANG_WARN_OBJC_LITERAL_CONVERSION = YES;
				CLANG_WARN_OBJC_ROOT_CLASS = YES_ERROR;
				CLANG_WARN_RANGE_LOOP_ANALYSIS = YES;
				CLANG_WARN_STRICT_PROTOTYPES = YES;
				CLANG_WARN_SUSPICIOUS_MOVE = YES;
				CLANG_WARN_UNGUARDED_AVAILABILITY = YES_AGGRESSIVE;
				CLANG_WARN_UNREACHABLE_CODE = YES;
				CLANG_WARN__DUPLICATE_METHOD_MATCH = YES;
				COPY_PHASE_STRIP = NO;
				DEBUG_INFORMATION_FORMAT = "dwarf-with-dsym";
				ENABLE_NS_ASSERTIONS = NO;
				ENABLE_STRICT_OBJC_MSGSEND = YES;
				GCC_C_LANGUAGE_STANDARD = gnu11;
				GCC_NO_COMMON_BLOCKS = YES;
				GCC_WARN_64_TO_32_BIT_CONVERSION = YES;
				GCC_WARN_ABOUT_RETURN_TYPE = YES_ERROR;
				GCC_WARN_UNDECLARED_SELECTOR = YES;
				GCC_WARN_UNINITIALIZED_AUTOS = YES_AGGRESSIVE;
				GCC_WARN_UNUSED_FUNCTION = YES;
				GCC_WARN_UNUSED_VARIABLE = YES;
				MACOSX_DEPLOYMENT_TARGET = 10.14;
				MTL_ENABLE_DEBUG_INFO = NO;
				MTL_FAST_MATH = YES;
				SDKROOT = macosx;
			};
			name = Release;
		};
		63FB24732342DC3F00B66692 /* Debug */ = {
			isa = XCBuildConfiguration;
			buildSettings = {
				CODE_SIGN_STYLE = Automatic;
				PRODUCT_NAME = "$(TARGET_NAME)";
			};
			name = Debug;
		};
		63FB24742342DC3F00B66692 /* Release */ = {
			isa = XCBuildConfiguration;
			buildSettings = {
				CODE_SIGN_STYLE = Automatic;
				PRODUCT_NAME = "$(TARGET_NAME)";
			};
			name = Release;
		};
/* End XCBuildConfiguration section */

/* Begin XCConfigurationList section */
		63FB24662342DC3F00B66692 /* Build configuration list for PBXProject "Runtime" */ = {
			isa = XCConfigurationList;
			buildConfigurations = (
				63FB24702342DC3F00B66692 /* Debug */,
				63FB24712342DC3F00B66692 /* Release */,
			);
			defaultConfigurationIsVisible = 0;
			defaultConfigurationName = Release;
		};
		63FB24722342DC3F00B66692 /* Build configuration list for PBXNativeTarget "Runtime" */ = {
			isa = XCConfigurationList;
			buildConfigurations = (
				63FB24732342DC3F00B66692 /* Debug */,
				63FB24742342DC3F00B66692 /* Release */,
			);
			defaultConfigurationIsVisible = 0;
			defaultConfigurationName = Release;
		};
/* End XCConfigurationList section */
	};
	rootObject = 63FB24632342DC3F00B66692 /* Project object */;
}
