// !$*UTF8*$!
{
	archiveVersion = 1;
	classes = {
	};
	objectVersion = 50;
	objects = {

/* Begin PBXBuildFile section */
		636E247023482B5D00608BDB /* main.m in Sources */ = {isa = PBXBuildFile; fileRef = 636E246F23482B5D00608BDB /* main.m */; };
		636E247823482CD000608BDB /* SomeClass.m in Sources */ = {isa = PBXBuildFile; fileRef = 636E247723482CD000608BDB /* SomeClass.m */; };
		636E247B23482CE300608BDB /* OtherClass.m in Sources */ = {isa = PBXBuildFile; fileRef = 636E247A23482CE300608BDB /* OtherClass.m */; };
		636E2481234ADDD000608BDB /* NSMutableArray+Exchange.m in Sources */ = {isa = PBXBuildFile; fileRef = 636E2480234ADDD000608BDB /* NSMutableArray+Exchange.m */; };
/* End PBXBuildFile section */

/* Begin PBXCopyFilesBuildPhase section */
		636E246A23482B5D00608BDB /* CopyFiles */ = {
			isa = PBXCopyFilesBuildPhase;
			buildActionMask = 2147483647;
			dstPath = /usr/share/man/man1/;
			dstSubfolderSpec = 0;
			files = (
			);
			runOnlyForDeploymentPostprocessing = 1;
		};
/* End PBXCopyFilesBuildPhase section */

/* Begin PBXFileReference section */
		636E246C23482B5D00608BDB /* RuntimeApi */ = {isa = PBXFileReference; explicitFileType = "compiled.mach-o.executable"; includeInIndex = 0; path = RuntimeApi; sourceTree = BUILT_PRODUCTS_DIR; };
		636E246F23482B5D00608BDB /* main.m */ = {isa = PBXFileReference; lastKnownFileType = sourcecode.c.objc; path = main.m; sourceTree = "<group>"; };
		636E247623482CD000608BDB /* SomeClass.h */ = {isa = PBXFileReference; lastKnownFileType = sourcecode.c.h; path = SomeClass.h; sourceTree = "<group>"; };
		636E247723482CD000608BDB /* SomeClass.m */ = {isa = PBXFileReference; lastKnownFileType = sourcecode.c.objc; path = SomeClass.m; sourceTree = "<group>"; };
		636E247923482CE300608BDB /* OtherClass.h */ = {isa = PBXFileReference; lastKnownFileType = sourcecode.c.h; path = OtherClass.h; sourceTree = "<group>"; };
		636E247A23482CE300608BDB /* OtherClass.m */ = {isa = PBXFileReference; lastKnownFileType = sourcecode.c.objc; path = OtherClass.m; sourceTree = "<group>"; };
		636E247F234ADDD000608BDB /* NSMutableArray+Exchange.h */ = {isa = PBXFileReference; lastKnownFileType = sourcecode.c.h; path = "NSMutableArray+Exchange.h"; sourceTree = "<group>"; };
		636E2480234ADDD000608BDB /* NSMutableArray+Exchange.m */ = {isa = PBXFileReference; lastKnownFileType = sourcecode.c.objc; path = "NSMutableArray+Exchange.m"; sourceTree = "<group>"; };
/* End PBXFileReference section */

/* Begin PBXFrameworksBuildPhase section */
		636E246923482B5D00608BDB /* Frameworks */ = {
			isa = PBXFrameworksBuildPhase;
			buildActionMask = 2147483647;
			files = (
			);
			runOnlyForDeploymentPostprocessing = 0;
		};
/* End PBXFrameworksBuildPhase section */

/* Begin PBXGroup section */
		636E246323482B5D00608BDB = {
			isa = PBXGroup;
			children = (
				636E246E23482B5D00608BDB /* RuntimeApi */,
				636E246D23482B5D00608BDB /* Products */,
			);
			sourceTree = "<group>";
		};
		636E246D23482B5D00608BDB /* Products */ = {
			isa = PBXGroup;
			children = (
				636E246C23482B5D00608BDB /* RuntimeApi */,
			);
			name = Products;
			sourceTree = "<group>";
		};
		636E246E23482B5D00608BDB /* RuntimeApi */ = {
			isa = PBXGroup;
			children = (
				636E246F23482B5D00608BDB /* main.m */,
				636E247923482CE300608BDB /* OtherClass.h */,
				636E247A23482CE300608BDB /* OtherClass.m */,
				636E247623482CD000608BDB /* SomeClass.h */,
				636E247723482CD000608BDB /* SomeClass.m */,
				636E247F234ADDD000608BDB /* NSMutableArray+Exchange.h */,
				636E2480234ADDD000608BDB /* NSMutableArray+Exchange.m */,
			);
			path = RuntimeApi;
			sourceTree = "<group>";
		};
/* End PBXGroup section */

/* Begin PBXNativeTarget section */
		636E246B23482B5D00608BDB /* RuntimeApi */ = {
			isa = PBXNativeTarget;
			buildConfigurationList = 636E247323482B5D00608BDB /* Build configuration list for PBXNativeTarget "RuntimeApi" */;
			buildPhases = (
				636E246823482B5D00608BDB /* Sources */,
				636E246923482B5D00608BDB /* Frameworks */,
				636E246A23482B5D00608BDB /* CopyFiles */,
			);
			buildRules = (
			);
			dependencies = (
			);
			name = RuntimeApi;
			productName = RuntimeApi;
			productReference = 636E246C23482B5D00608BDB /* RuntimeApi */;
			productType = "com.apple.product-type.tool";
		};
/* End PBXNativeTarget section */

/* Begin PBXProject section */
		636E246423482B5D00608BDB /* Project object */ = {
			isa = PBXProject;
			attributes = {
				LastUpgradeCheck = 1100;
				ORGANIZATIONNAME = kkk;
				TargetAttributes = {
					636E246B23482B5D00608BDB = {
						CreatedOnToolsVersion = 11.0;
					};
				};
			};
			buildConfigurationList = 636E246723482B5D00608BDB /* Build configuration list for PBXProject "RuntimeApi" */;
			compatibilityVersion = "Xcode 9.3";
			developmentRegion = en;
			hasScannedForEncodings = 0;
			knownRegions = (
				en,
				Base,
			);
			mainGroup = 636E246323482B5D00608BDB;
			productRefGroup = 636E246D23482B5D00608BDB /* Products */;
			projectDirPath = "";
			projectRoot = "";
			targets = (
				636E246B23482B5D00608BDB /* RuntimeApi */,
			);
		};
/* End PBXProject section */

/* Begin PBXSourcesBuildPhase section */
		636E246823482B5D00608BDB /* Sources */ = {
			isa = PBXSourcesBuildPhase;
			buildActionMask = 2147483647;
			files = (
				636E2481234ADDD000608BDB /* NSMutableArray+Exchange.m in Sources */,
				636E247823482CD000608BDB /* SomeClass.m in Sources */,
				636E247023482B5D00608BDB /* main.m in Sources */,
				636E247B23482CE300608BDB /* OtherClass.m in Sources */,
			);
			runOnlyForDeploymentPostprocessing = 0;
		};
/* End PBXSourcesBuildPhase section */

/* Begin XCBuildConfiguration section */
		636E247123482B5D00608BDB /* Debug */ = {
			isa = XCBuildConfiguration;
			buildSettings = {
				ALWAYS_SEARCH_USER_PATHS = NO;
				CLANG_ANALYZER_NONNULL = YES;
				CLANG_ANALYZER_NUMBER_OBJECT_CONVERSION = YES_AGGRESSIVE;
				CLANG_CXX_LANGUAGE_STANDARD = "gnu++14";
				CLANG_CXX_LIBRARY = "libc++";
				CLANG_ENABLE_MODULES = YES;
				CLANG_ENABLE_OBJC_ARC = YES;
				CLANG_ENABLE_OBJC_WEAK = YES;
				CLANG_WARN_BLOCK_CAPTURE_AUTORELEASING = YES;
				CLANG_WARN_BOOL_CONVERSION = YES;
				CLANG_WARN_COMMA = YES;
				CLANG_WARN_CONSTANT_CONVERSION = YES;
				CLANG_WARN_DEPRECATED_OBJC_IMPLEMENTATIONS = YES;
				CLANG_WARN_DIRECT_OBJC_ISA_USAGE = YES_ERROR;
				CLANG_WARN_DOCUMENTATION_COMMENTS = YES;
				CLANG_WARN_EMPTY_BODY = YES;
				CLANG_WARN_ENUM_CONVERSION = YES;
				CLANG_WARN_INFINITE_RECURSION = YES;
				CLANG_WARN_INT_CONVERSION = YES;
				CLANG_WARN_NON_LITERAL_NULL_CONVERSION = YES;
				CLANG_WARN_OBJC_IMPLICIT_RETAIN_SELF = YES;
				CLANG_WARN_OBJC_LITERAL_CONVERSION = YES;
				CLANG_WARN_OBJC_ROOT_CLASS = YES_ERROR;
				CLANG_WARN_RANGE_LOOP_ANALYSIS = YES;
				CLANG_WARN_STRICT_PROTOTYPES = YES;
				CLANG_WARN_SUSPICIOUS_MOVE = YES;
				CLANG_WARN_UNGUARDED_AVAILABILITY = YES_AGGRESSIVE;
				CLANG_WARN_UNREACHABLE_CODE = YES;
				CLANG_WARN__DUPLICATE_METHOD_MATCH = YES;
				COPY_PHASE_STRIP = NO;
				DEBUG_INFORMATION_FORMAT = dwarf;
				ENABLE_STRICT_OBJC_MSGSEND = YES;
				ENABLE_TESTABILITY = YES;
				GCC_C_LANGUAGE_STANDARD = gnu11;
				GCC_DYNAMIC_NO_PIC = NO;
				GCC_NO_COMMON_BLOCKS = YES;
				GCC_OPTIMIZATION_LEVEL = 0;
				GCC_PREPROCESSOR_DEFINITIONS = (
					"DEBUG=1",
					"$(inherited)",
				);
				GCC_WARN_64_TO_32_BIT_CONVERSION = YES;
				GCC_WARN_ABOUT_RETURN_TYPE = YES_ERROR;
				GCC_WARN_UNDECLARED_SELECTOR = YES;
				GCC_WARN_UNINITIALIZED_AUTOS = YES_AGGRESSIVE;
				GCC_WARN_UNUSED_FUNCTION = YES;
				GCC_WARN_UNUSED_VARIABLE = YES;
				MACOSX_DEPLOYMENT_TARGET = 10.14;
				MTL_ENABLE_DEBUG_INFO = INCLUDE_SOURCE;
				MTL_FAST_MATH = YES;
				ONLY_ACTIVE_ARCH = YES;
				SDKROOT = macosx;
			};
			name = Debug;
		};
		636E247223482B5D00608BDB /* Release */ = {
			isa = XCBuildConfiguration;
			buildSettings = {
				ALWAYS_SEARCH_USER_PATHS = NO;
				CLANG_ANALYZER_NONNULL = YES;
				CLANG_ANALYZER_NUMBER_OBJECT_CONVERSION = YES_AGGRESSIVE;
				CLANG_CXX_LANGUAGE_STANDARD = "gnu++14";
				CLANG_CXX_LIBRARY = "libc++";
				CLANG_ENABLE_MODULES = YES;
				CLANG_ENABLE_OBJC_ARC = YES;
				CLANG_ENABLE_OBJC_WEAK = YES;
				CLANG_WARN_BLOCK_CAPTURE_AUTORELEASING = YES;
				CLANG_WARN_BOOL_CONVERSION = YES;
				CLANG_WARN_COMMA = YES;
				CLANG_WARN_CONSTANT_CONVERSION = YES;
				CLANG_WARN_DEPRECATED_OBJC_IMPLEMENTATIONS = YES;
				CLANG_WARN_DIRECT_OBJC_ISA_USAGE = YES_ERROR;
				CLANG_WARN_DOCUMENTATION_COMMENTS = YES;
				CLANG_WARN_EMPTY_BODY = YES;
				CLANG_WARN_ENUM_CONVERSION = YES;
				CLANG_WARN_INFINITE_RECURSION = YES;
				CLANG_WARN_INT_CONVERSION = YES;
				CLANG_WARN_NON_LITERAL_NULL_CONVERSION = YES;
				CLANG_WARN_OBJC_IMPLICIT_RETAIN_SELF = YES;
				CLANG_WARN_OBJC_LITERAL_CONVERSION = YES;
				CLANG_WARN_OBJC_ROOT_CLASS = YES_ERROR;
				CLANG_WARN_RANGE_LOOP_ANALYSIS = YES;
				CLANG_WARN_STRICT_PROTOTYPES = YES;
				CLANG_WARN_SUSPICIOUS_MOVE = YES;
				CLANG_WARN_UNGUARDED_AVAILABILITY = YES_AGGRESSIVE;
				CLANG_WARN_UNREACHABLE_CODE = YES;
				CLANG_WARN__DUPLICATE_METHOD_MATCH = YES;
				COPY_PHASE_STRIP = NO;
				DEBUG_INFORMATION_FORMAT = "dwarf-with-dsym";
				ENABLE_NS_ASSERTIONS = NO;
				ENABLE_STRICT_OBJC_MSGSEND = YES;
				GCC_C_LANGUAGE_STANDARD = gnu11;
				GCC_NO_COMMON_BLOCKS = YES;
				GCC_WARN_64_TO_32_BIT_CONVERSION = YES;
				GCC_WARN_ABOUT_RETURN_TYPE = YES_ERROR;
				GCC_WARN_UNDECLARED_SELECTOR = YES;
				GCC_WARN_UNINITIALIZED_AUTOS = YES_AGGRESSIVE;
				GCC_WARN_UNUSED_FUNCTION = YES;
				GCC_WARN_UNUSED_VARIABLE = YES;
				MACOSX_DEPLOYMENT_TARGET = 10.14;
				MTL_ENABLE_DEBUG_INFO = NO;
				MTL_FAST_MATH = YES;
				SDKROOT = macosx;
			};
			name = Release;
		};
		636E247423482B5D00608BDB /* Debug */ = {
			isa = XCBuildConfiguration;
			buildSettings = {
				CODE_SIGN_STYLE = Automatic;
				PRODUCT_NAME = "$(TARGET_NAME)";
			};
			name = Debug;
		};
		636E247523482B5D00608BDB /* Release */ = {
			isa = XCBuildConfiguration;
			buildSettings = {
				CODE_SIGN_STYLE = Automatic;
				PRODUCT_NAME = "$(TARGET_NAME)";
			};
			name = Release;
		};
/* End XCBuildConfiguration section */

/* Begin XCConfigurationList section */
		636E246723482B5D00608BDB /* Build configuration list for PBXProject "RuntimeApi" */ = {
			isa = XCConfigurationList;
			buildConfigurations = (
				636E247123482B5D00608BDB /* Debug */,
				636E247223482B5D00608BDB /* Release */,
			);
			defaultConfigurationIsVisible = 0;
			defaultConfigurationName = Release;
		};
		636E247323482B5D00608BDB /* Build configuration list for PBXNativeTarget "RuntimeApi" */ = {
			isa = XCConfigurationList;
			buildConfigurations = (
				636E247423482B5D00608BDB /* Debug */,
				636E247523482B5D00608BDB /* Release */,
			);
			defaultConfigurationIsVisible = 0;
			defaultConfigurationName = Release;
		};
/* End XCConfigurationList section */
	};
	rootObject = 636E246423482B5D00608BDB /* Project object */;
}
